
Microsoft Visual Studio Solution File, Format Version 12.00
# Visual Studio Version 17
VisualStudioVersion = 17.9.34616.47
MinimumVisualStudioVersion = 10.0.40219.1
Project("{FAE04EC0-301F-11D3-BF4B-00C04F79EFBC}") = "hoda_elbadry", "hoda_elbadry\hoda_elbadry.csproj", "{D79233CD-3DE5-410F-82B8-5FB865D0F186}"
EndProject
Global
	GlobalSection(SolutionConfigurationPlatforms) = preSolution
		Debug|Any CPU = Debug|Any CPU
		Release|Any CPU = Release|Any CPU
	EndGlobalSection
	GlobalSection(ProjectConfigurationPlatforms) = postSolution
		{D79233CD-3DE5-410F-82B8-5FB865D0F186}.Debug|Any CPU.ActiveCfg = Debug|Any CPU
		{D79233CD-3DE5-410F-82B8-5FB865D0F186}.Debug|Any CPU.Build.0 = Debug|Any CPU
		{D79233CD-3DE5-410F-82B8-5FB865D0F186}.Release|Any CPU.ActiveCfg = Release|Any CPU
		{D79233CD-3DE5-410F-82B8-5FB865D0F186}.Release|Any CPU.Build.0 = Release|Any CPU
	EndGlobalSection
	GlobalSection(SolutionProperties) = preSolution
		HideSolutionNode = FALSE
	EndGlobalSection
	GlobalSection(ExtensibilityGlobals) = postSolution
		SolutionGuid = {4A7DE197-BCA0-4129-B6A8-223374FC0A6C}
	EndGlobalSection
EndGlobal
